
Microsoft Visual Studio Solution File, Format Version 12.00
# Visual Studio Version 17
VisualStudioVersion = 17.10.35122.118
MinimumVisualStudioVersion = 10.0.40219.1
Project("{FAE04EC0-301F-11D3-BF4B-00C04F79EFBC}") = "PeCes", "PeCes\PeCes.csproj", "{CF036655-BEEA-4259-87AA-4A83E51AE3C3}"
EndProject
Project("{FAE04EC0-301F-11D3-BF4B-00C04F79EFBC}") = "PeCesData", "PeCesData\PeCesData.csproj", "{DECB9709-CE6C-46F4-B67A-50B1C7BB7EAB}"
EndProject
Project("{FAE04EC0-301F-11D3-BF4B-00C04F79EFBC}") = "PeCesModelo", "PeCesModelo\PeCesModelo.csproj", "{78D6C144-3EF4-4CA3-B905-5CDFE5364A80}"
EndProject
Project("{FAE04EC0-301F-11D3-BF4B-00C04F79EFBC}") = "PeCesWeb", "PeCesWeb\PeCesWeb.csproj", "{76FFF025-566F-45D4-AB34-35B943089F63}"
EndProject
Global
	GlobalSection(SolutionConfigurationPlatforms) = preSolution
		Debug|Any CPU = Debug|Any CPU
		Release|Any CPU = Release|Any CPU
	EndGlobalSection
	GlobalSection(ProjectConfigurationPlatforms) = postSolution
		{CF036655-BEEA-4259-87AA-4A83E51AE3C3}.Debug|Any CPU.ActiveCfg = Debug|Any CPU
		{CF036655-BEEA-4259-87AA-4A83E51AE3C3}.Debug|Any CPU.Build.0 = Debug|Any CPU
		{CF036655-BEEA-4259-87AA-4A83E51AE3C3}.Release|Any CPU.ActiveCfg = Release|Any CPU
		{CF036655-BEEA-4259-87AA-4A83E51AE3C3}.Release|Any CPU.Build.0 = Release|Any CPU
		{DECB9709-CE6C-46F4-B67A-50B1C7BB7EAB}.Debug|Any CPU.ActiveCfg = Debug|Any CPU
		{DECB9709-CE6C-46F4-B67A-50B1C7BB7EAB}.Debug|Any CPU.Build.0 = Debug|Any CPU
		{DECB9709-CE6C-46F4-B67A-50B1C7BB7EAB}.Release|Any CPU.ActiveCfg = Release|Any CPU
		{DECB9709-CE6C-46F4-B67A-50B1C7BB7EAB}.Release|Any CPU.Build.0 = Release|Any CPU
		{78D6C144-3EF4-4CA3-B905-5CDFE5364A80}.Debug|Any CPU.ActiveCfg = Debug|Any CPU
		{78D6C144-3EF4-4CA3-B905-5CDFE5364A80}.Debug|Any CPU.Build.0 = Debug|Any CPU
		{78D6C144-3EF4-4CA3-B905-5CDFE5364A80}.Release|Any CPU.ActiveCfg = Release|Any CPU
		{78D6C144-3EF4-4CA3-B905-5CDFE5364A80}.Release|Any CPU.Build.0 = Release|Any CPU
		{76FFF025-566F-45D4-AB34-35B943089F63}.Debug|Any CPU.ActiveCfg = Debug|Any CPU
		{76FFF025-566F-45D4-AB34-35B943089F63}.Debug|Any CPU.Build.0 = Debug|Any CPU
		{76FFF025-566F-45D4-AB34-35B943089F63}.Release|Any CPU.ActiveCfg = Release|Any CPU
		{76FFF025-566F-45D4-AB34-35B943089F63}.Release|Any CPU.Build.0 = Release|Any CPU
	EndGlobalSection
	GlobalSection(SolutionProperties) = preSolution
		HideSolutionNode = FALSE
	EndGlobalSection
	GlobalSection(ExtensibilityGlobals) = postSolution
		SolutionGuid = {1030B23C-9CC8-408A-B9E9-836C9A268A9A}
	EndGlobalSection
EndGlobal
